PODS:
  - Flutter (1.0.0)
  - flutter_md5 (0.0.1):
    - Flutter

DEPENDENCIES:
  - Flutter (from `Flutter`)
  - flutter_md5 (from `.symlinks/plugins/flutter_md5/ios`)

EXTERNAL SOURCES:
  Flutter:
    :path: Flutter
  flutter_md5:
    :path: ".symlinks/plugins/flutter_md5/ios"

SPEC CHECKSUMS:
  Flutter: 0e3d915762c693b495b44d77113d4970485de6ec
  flutter_md5: 60207bf3e433f417d59c1aead9615b1bbbd9dcb6

PODFILE CHECKSUM: 3dbe063e9c90a5d7c9e4e76e70a821b9e2c1d271

COCOAPODS: 1.8.4
