PODS:
  - Flutter (1.0.0)
  - flutter_videoplayer (0.0.1):
    - Flutter

DEPENDENCIES:
  - Flutter (from `Flutter`)
  - flutter_videoplayer (from `.symlinks/plugins/flutter_videoplayer/ios`)

EXTERNAL SOURCES:
  Flutter:
    :path: Flutter
  flutter_videoplayer:
    :path: ".symlinks/plugins/flutter_videoplayer/ios"

SPEC CHECKSUMS:
  Flutter: 0e3d915762c693b495b44d77113d4970485de6ec
  flutter_videoplayer: 89a5c9ebc952fff8758b620d23ea99bc004f25f4

PODFILE CHECKSUM: 3dbe063e9c90a5d7c9e4e76e70a821b9e2c1d271

COCOAPODS: 1.8.4
